<?xml version="1.0" encoding="utf-8"?>
<Project ToolsVersion="4.0" xmlns="http://schemas.microsoft.com/developer/msbuild/2003">
  <ItemGroup>
    <Filter Include="Source Files">
      <UniqueIdentifier>{4FC737F1-C7A5-4376-A066-2A32D752A2FF}</UniqueIdentifier>
      <Extensions>cpp;c;cc;cxx;def;odl;idl;hpj;bat;asm;asmx</Extensions>
    </Filter>
    <Filter Include="Header Files">
      <UniqueIdentifier>{93995380-89BD-4b04-88EB-625FBE52EBFB}</UniqueIdentifier>
      <Extensions>h;hpp;hxx;hm;inl;inc;xsd</Extensions>
    </Filter>
    <Filter Include="Resource Files">
      <UniqueIdentifier>{67DA6AB6-F800-4c08-8B7A-83BB121AAD01}</UniqueIdentifier>
      <Extensions>rc;ico;cur;bmp;dlg;rc2;rct;bin;rgs;gif;jpg;jpeg;jpe;resx;tiff;tif;png;wav;mfcribbon-ms</Extensions>
    </Filter>
    <Filter Include="Header Files\blocksmasher">
      <UniqueIdentifier>{a63527b8-76d6-43ab-be8d-0968e9795cc4}</UniqueIdentifier>
    </Filter>
    <Filter Include="Source Files\blocksmasher">
      <UniqueIdentifier>{af4ff3eb-1517-4823-acdd-997bbdb02db3}</UniqueIdentifier>
    </Filter>
  </ItemGroup>
  <ItemGroup>
    <ClCompile Include="src\utils.cpp">
      <Filter>Source Files</Filter>
    </ClCompile>
    <ClCompile Include="src\sprite.cpp">
      <Filter>Source Files</Filter>
    </ClCompile>
    <ClCompile Include="src\renderer.cpp">
      <Filter>Source Files</Filter>
    </ClCompile>
    <ClCompile Include="src\math\vector.cpp">
      <Filter>Source Files</Filter>
    </ClCompile>
    <ClCompile Include="src\gameappcontext.cpp">
      <Filter>Source Files</Filter>
    </ClCompile>
    <ClCompile Include="src\gametime.cpp">
      <Filter>Source Files</Filter>
    </ClCompile>
    <ClCompile Include="src\gameapp.cpp">
      <Filter>Source Files</Filter>
    </ClCompile>
    <ClCompile Include="src\gameobject.cpp">
      <Filter>Source Files</Filter>
    </ClCompile>
    <ClCompile Include="src\basescreen.cpp">
      <Filter>Source Files</Filter>
    </ClCompile>
    <ClCompile Include="src\resourcesloader.cpp">
      <Filter>Source Files</Filter>
    </ClCompile>
    <ClCompile Include="src\screens\blocksmasherscreen.cpp">
      <Filter>Source Files\blocksmasher</Filter>
    </ClCompile>
    <ClCompile Include="src\forge.cpp">
      <Filter>Source Files</Filter>
    </ClCompile>
    <ClCompile Include="src\gameobjectfactory.cpp">
      <Filter>Source Files</Filter>
    </ClCompile>
    <ClCompile Include="src\abstractprocessor.cpp">
      <Filter>Source Files</Filter>
    </ClCompile>
    <ClCompile Include="src\movementprocessor.cpp">
      <Filter>Source Files</Filter>
    </ClCompile>
  </ItemGroup>
  <ItemGroup>
    <ClInclude Include="src\utils.h">
      <Filter>Header Files</Filter>
    </ClInclude>
    <ClInclude Include="src\sprite.h">
      <Filter>Header Files</Filter>
    </ClInclude>
    <ClInclude Include="src\renderer.h">
      <Filter>Header Files</Filter>
    </ClInclude>
    <ClInclude Include="src\math\vector2.h">
      <Filter>Header Files</Filter>
    </ClInclude>
    <ClInclude Include="src\gameappcontext.h">
      <Filter>Header Files</Filter>
    </ClInclude>
    <ClInclude Include="src\config.h">
      <Filter>Header Files</Filter>
    </ClInclude>
    <ClInclude Include="src\gameapp.h">
      <Filter>Header Files</Filter>
    </ClInclude>
    <ClInclude Include="src\gameobject.h">
      <Filter>Header Files</Filter>
    </ClInclude>
    <ClInclude Include="src\basescreen.h">
      <Filter>Header Files</Filter>
    </ClInclude>
    <ClInclude Include="src\gametime.h">
      <Filter>Header Files</Filter>
    </ClInclude>
    <ClInclude Include="src\resourcesloader.h">
      <Filter>Header Files</Filter>
    </ClInclude>
    <ClInclude Include="src\screens\blocksmasherscreen.h">
      <Filter>Header Files\blocksmasher</Filter>
    </ClInclude>
    <ClInclude Include="src\forge.h">
      <Filter>Header Files</Filter>
    </ClInclude>
    <ClInclude Include="src\gameobjectfactory.h">
      <Filter>Header Files</Filter>
    </ClInclude>
    <ClInclude Include="src\abstractprocessor.h">
      <Filter>Header Files</Filter>
    </ClInclude>
    <ClInclude Include="src\movementprocessor.h">
      <Filter>Header Files</Filter>
    </ClInclude>
    <ClInclude Include="src\gameobjectid.h">
      <Filter>Header Files</Filter>
    </ClInclude>
  </ItemGroup>
</Project>